
Microsoft Visual Studio Solution File, Format Version 12.00
# Visual Studio Version 16
VisualStudioVersion = 16.0.31005.135
MinimumVisualStudioVersion = 10.0.40219.1
Project("{FAE04EC0-301F-11D3-BF4B-00C04F79EFBC}") = "Businesscards.Android", "Businesscards\Businesscards.Android\Businesscards.Android.csproj", "{6F511A2F-479D-41F9-A2FD-F2AEEBC2324A}"
EndProject
Project("{FAE04EC0-301F-11D3-BF4B-00C04F79EFBC}") = "Businesscards.iOS", "Businesscards\Businesscards.iOS\Businesscards.iOS.csproj", "{CC0995B7-44C8-41E8-B817-A0A48ACB4910}"
EndProject
Project("{9A19103F-16F7-4668-BE54-9A1E7A4F7556}") = "Businesscards", "Businesscards\Businesscards\Businesscards.csproj", "{6A542C72-0EDF-40A1-B5BA-E03E39F5D1A4}"
EndProject
Global
	GlobalSection(SolutionConfigurationPlatforms) = preSolution
		Debug|Any CPU = Debug|Any CPU
		Debug|iPhone = Debug|iPhone
		Debug|iPhoneSimulator = Debug|iPhoneSimulator
		Release|Any CPU = Release|Any CPU
		Release|iPhone = Release|iPhone
		Release|iPhoneSimulator = Release|iPhoneSimulator
	EndGlobalSection
	GlobalSection(ProjectConfigurationPlatforms) = postSolution
		{6F511A2F-479D-41F9-A2FD-F2AEEBC2324A}.Debug|Any CPU.ActiveCfg = Debug|Any CPU
		{6F511A2F-479D-41F9-A2FD-F2AEEBC2324A}.Debug|Any CPU.Build.0 = Debug|Any CPU
		{6F511A2F-479D-41F9-A2FD-F2AEEBC2324A}.Debug|Any CPU.Deploy.0 = Debug|Any CPU
		{6F511A2F-479D-41F9-A2FD-F2AEEBC2324A}.Debug|iPhone.ActiveCfg = Debug|Any CPU
		{6F511A2F-479D-41F9-A2FD-F2AEEBC2324A}.Debug|iPhone.Build.0 = Debug|Any CPU
		{6F511A2F-479D-41F9-A2FD-F2AEEBC2324A}.Debug|iPhone.Deploy.0 = Debug|Any CPU
		{6F511A2F-479D-41F9-A2FD-F2AEEBC2324A}.Debug|iPhoneSimulator.ActiveCfg = Debug|Any CPU
		{6F511A2F-479D-41F9-A2FD-F2AEEBC2324A}.Debug|iPhoneSimulator.Build.0 = Debug|Any CPU
		{6F511A2F-479D-41F9-A2FD-F2AEEBC2324A}.Debug|iPhoneSimulator.Deploy.0 = Debug|Any CPU
		{6F511A2F-479D-41F9-A2FD-F2AEEBC2324A}.Release|Any CPU.ActiveCfg = Release|Any CPU
		{6F511A2F-479D-41F9-A2FD-F2AEEBC2324A}.Release|Any CPU.Build.0 = Release|Any CPU
		{6F511A2F-479D-41F9-A2FD-F2AEEBC2324A}.Release|Any CPU.Deploy.0 = Release|Any CPU
		{6F511A2F-479D-41F9-A2FD-F2AEEBC2324A}.Release|iPhone.ActiveCfg = Release|Any CPU
		{6F511A2F-479D-41F9-A2FD-F2AEEBC2324A}.Release|iPhone.Build.0 = Release|Any CPU
		{6F511A2F-479D-41F9-A2FD-F2AEEBC2324A}.Release|iPhone.Deploy.0 = Release|Any CPU
		{6F511A2F-479D-41F9-A2FD-F2AEEBC2324A}.Release|iPhoneSimulator.ActiveCfg = Release|Any CPU
		{6F511A2F-479D-41F9-A2FD-F2AEEBC2324A}.Release|iPhoneSimulator.Build.0 = Release|Any CPU
		{6F511A2F-479D-41F9-A2FD-F2AEEBC2324A}.Release|iPhoneSimulator.Deploy.0 = Release|Any CPU
		{CC0995B7-44C8-41E8-B817-A0A48ACB4910}.Debug|Any CPU.ActiveCfg = Debug|iPhone
		{CC0995B7-44C8-41E8-B817-A0A48ACB4910}.Debug|Any CPU.Build.0 = Debug|iPhone
		{CC0995B7-44C8-41E8-B817-A0A48ACB4910}.Debug|Any CPU.Deploy.0 = Debug|iPhone
		{CC0995B7-44C8-41E8-B817-A0A48ACB4910}.Debug|iPhone.ActiveCfg = Debug|iPhone
		{CC0995B7-44C8-41E8-B817-A0A48ACB4910}.Debug|iPhone.Build.0 = Debug|iPhone
		{CC0995B7-44C8-41E8-B817-A0A48ACB4910}.Debug|iPhone.Deploy.0 = Debug|iPhone
		{CC0995B7-44C8-41E8-B817-A0A48ACB4910}.Debug|iPhoneSimulator.ActiveCfg = Debug|iPhoneSimulator
		{CC0995B7-44C8-41E8-B817-A0A48ACB4910}.Debug|iPhoneSimulator.Build.0 = Debug|iPhoneSimulator
		{CC0995B7-44C8-41E8-B817-A0A48ACB4910}.Debug|iPhoneSimulator.Deploy.0 = Debug|iPhoneSimulator
		{CC0995B7-44C8-41E8-B817-A0A48ACB4910}.Release|Any CPU.ActiveCfg = Release|iPhoneSimulator
		{CC0995B7-44C8-41E8-B817-A0A48ACB4910}.Release|Any CPU.Build.0 = Release|iPhoneSimulator
		{CC0995B7-44C8-41E8-B817-A0A48ACB4910}.Release|Any CPU.Deploy.0 = Release|iPhoneSimulator
		{CC0995B7-44C8-41E8-B817-A0A48ACB4910}.Release|iPhone.ActiveCfg = Release|iPhone
		{CC0995B7-44C8-41E8-B817-A0A48ACB4910}.Release|iPhone.Build.0 = Release|iPhone
		{CC0995B7-44C8-41E8-B817-A0A48ACB4910}.Release|iPhone.Deploy.0 = Release|iPhone
		{CC0995B7-44C8-41E8-B817-A0A48ACB4910}.Release|iPhoneSimulator.ActiveCfg = Release|iPhoneSimulator
		{CC0995B7-44C8-41E8-B817-A0A48ACB4910}.Release|iPhoneSimulator.Build.0 = Release|iPhoneSimulator
		{CC0995B7-44C8-41E8-B817-A0A48ACB4910}.Release|iPhoneSimulator.Deploy.0 = Release|iPhoneSimulator
		{6A542C72-0EDF-40A1-B5BA-E03E39F5D1A4}.Debug|Any CPU.ActiveCfg = Debug|Any CPU
		{6A542C72-0EDF-40A1-B5BA-E03E39F5D1A4}.Debug|Any CPU.Build.0 = Debug|Any CPU
		{6A542C72-0EDF-40A1-B5BA-E03E39F5D1A4}.Debug|Any CPU.Deploy.0 = Debug|Any CPU
		{6A542C72-0EDF-40A1-B5BA-E03E39F5D1A4}.Debug|iPhone.ActiveCfg = Debug|Any CPU
		{6A542C72-0EDF-40A1-B5BA-E03E39F5D1A4}.Debug|iPhone.Build.0 = Debug|Any CPU
		{6A542C72-0EDF-40A1-B5BA-E03E39F5D1A4}.Debug|iPhone.Deploy.0 = Debug|Any CPU
		{6A542C72-0EDF-40A1-B5BA-E03E39F5D1A4}.Debug|iPhoneSimulator.ActiveCfg = Debug|Any CPU
		{6A542C72-0EDF-40A1-B5BA-E03E39F5D1A4}.Debug|iPhoneSimulator.Build.0 = Debug|Any CPU
		{6A542C72-0EDF-40A1-B5BA-E03E39F5D1A4}.Debug|iPhoneSimulator.Deploy.0 = Debug|Any CPU
		{6A542C72-0EDF-40A1-B5BA-E03E39F5D1A4}.Release|Any CPU.ActiveCfg = Release|Any CPU
		{6A542C72-0EDF-40A1-B5BA-E03E39F5D1A4}.Release|Any CPU.Build.0 = Release|Any CPU
		{6A542C72-0EDF-40A1-B5BA-E03E39F5D1A4}.Release|Any CPU.Deploy.0 = Release|Any CPU
		{6A542C72-0EDF-40A1-B5BA-E03E39F5D1A4}.Release|iPhone.ActiveCfg = Release|Any CPU
		{6A542C72-0EDF-40A1-B5BA-E03E39F5D1A4}.Release|iPhone.Build.0 = Release|Any CPU
		{6A542C72-0EDF-40A1-B5BA-E03E39F5D1A4}.Release|iPhone.Deploy.0 = Release|Any CPU
		{6A542C72-0EDF-40A1-B5BA-E03E39F5D1A4}.Release|iPhoneSimulator.ActiveCfg = Release|Any CPU
		{6A542C72-0EDF-40A1-B5BA-E03E39F5D1A4}.Release|iPhoneSimulator.Build.0 = Release|Any CPU
		{6A542C72-0EDF-40A1-B5BA-E03E39F5D1A4}.Release|iPhoneSimulator.Deploy.0 = Release|Any CPU
	EndGlobalSection
	GlobalSection(SolutionProperties) = preSolution
		HideSolutionNode = FALSE
	EndGlobalSection
	GlobalSection(ExtensibilityGlobals) = postSolution
		SolutionGuid = {DE80012C-966B-43EF-BF97-17038EBBD7D7}
	EndGlobalSection
EndGlobal
